
Microsoft Visual Studio Solution File, Format Version 12.00
# Visual Studio Version 17
VisualStudioVersion = 17.5.33627.172
MinimumVisualStudioVersion = 10.0.40219.1
Project("{9A19103F-16F7-4668-BE54-9A1E7A4F7556}") = "VieLocaLure", "VieLocaLure\VieLocaLure.csproj", "{A32D631D-518B-45EB-B827-197F1DB3C989}"
EndProject
Global
	GlobalSection(SolutionConfigurationPlatforms) = preSolution
		Debug|Any CPU = Debug|Any CPU
		Release|Any CPU = Release|Any CPU
	EndGlobalSection
	GlobalSection(ProjectConfigurationPlatforms) = postSolution
		{A32D631D-518B-45EB-B827-197F1DB3C989}.Debug|Any CPU.ActiveCfg = Debug|Any CPU
		{A32D631D-518B-45EB-B827-197F1DB3C989}.Debug|Any CPU.Build.0 = Debug|Any CPU
		{A32D631D-518B-45EB-B827-197F1DB3C989}.Release|Any CPU.ActiveCfg = Release|Any CPU
		{A32D631D-518B-45EB-B827-197F1DB3C989}.Release|Any CPU.Build.0 = Release|Any CPU
	EndGlobalSection
	GlobalSection(SolutionProperties) = preSolution
		HideSolutionNode = FALSE
	EndGlobalSection
	GlobalSection(ExtensibilityGlobals) = postSolution
		SolutionGuid = {BB0324A8-90D7-429F-8DE8-68942D1FF4CB}
	EndGlobalSection
EndGlobal
